
Microsoft Visual Studio Solution File, Format Version 12.00
# Visual Studio 14
VisualStudioVersion = 14.0.25420.1
MinimumVisualStudioVersion = 10.0.40219.1
Project("{FAE04EC0-301F-11D3-BF4B-00C04F79EFBC}") = "ClassDefine", "ClassDefine\ClassDefine.csproj", "{A48F3225-14D9-4456-8D11-1BCB6433527F}"
EndProject
Global
	GlobalSection(SolutionConfigurationPlatforms) = preSolution
		Debug|Any CPU = Debug|Any CPU
		Release|Any CPU = Release|Any CPU
	EndGlobalSection
	GlobalSection(ProjectConfigurationPlatforms) = postSolution
		{A48F3225-14D9-4456-8D11-1BCB6433527F}.Debug|Any CPU.ActiveCfg = Debug|Any CPU
		{A48F3225-14D9-4456-8D11-1BCB6433527F}.Debug|Any CPU.Build.0 = Debug|Any CPU
		{A48F3225-14D9-4456-8D11-1BCB6433527F}.Release|Any CPU.ActiveCfg = Release|Any CPU
		{A48F3225-14D9-4456-8D11-1BCB6433527F}.Release|Any CPU.Build.0 = Release|Any CPU
	EndGlobalSection
	GlobalSection(SolutionProperties) = preSolution
		HideSolutionNode = FALSE
	EndGlobalSection
EndGlobal
